
Microsoft Visual Studio Solution File, Format Version 12.00
# Visual Studio Version 17
Project("{FAE04EC0-301F-11D3-BF4B-00C04F79EFBC}") = "DanishVoice.Cli", "src\DanishVoice.Cli\DanishVoice.Cli.csproj", "{4B6F8B7E-1E2A-4D8E-8E5B-7C6D9A1F2E3C}"
EndProject
Project("{2150E333-8FDC-42A3-9474-1A3956D46DE8}") = "native-onnx", "native-onnx", "{4FF194F1-EA4E-52F2-7421-5CFF77B4DBB9}"
EndProject
Project("{FAE04EC0-301F-11D3-BF4B-00C04F79EFBC}") = "DanishVoice.Native", "native-onnx\DanishVoice.Native\DanishVoice.Native.csproj", "{C2A55789-5F8A-4D52-9E8C-1846CF955811}"
EndProject
Project("{FAE04EC0-301F-11D3-BF4B-00C04F79EFBC}") = "DanishVoice.Native.Cli", "native-onnx\DanishVoice.Native.Cli\DanishVoice.Native.Cli.csproj", "{2B031D34-7069-4DBF-A0EB-A7BA15276CA8}"
EndProject
Global
	GlobalSection(SolutionConfigurationPlatforms) = preSolution
		Debug|Any CPU = Debug|Any CPU
		Debug|x64 = Debug|x64
		Debug|x86 = Debug|x86
		Release|Any CPU = Release|Any CPU
		Release|x64 = Release|x64
		Release|x86 = Release|x86
	EndGlobalSection
	GlobalSection(ProjectConfigurationPlatforms) = postSolution
		{4B6F8B7E-1E2A-4D8E-8E5B-7C6D9A1F2E3C}.Debug|Any CPU.ActiveCfg = Debug|Any CPU
		{4B6F8B7E-1E2A-4D8E-8E5B-7C6D9A1F2E3C}.Debug|Any CPU.Build.0 = Debug|Any CPU
		{4B6F8B7E-1E2A-4D8E-8E5B-7C6D9A1F2E3C}.Debug|x64.ActiveCfg = Debug|Any CPU
		{4B6F8B7E-1E2A-4D8E-8E5B-7C6D9A1F2E3C}.Debug|x64.Build.0 = Debug|Any CPU
		{4B6F8B7E-1E2A-4D8E-8E5B-7C6D9A1F2E3C}.Debug|x86.ActiveCfg = Debug|Any CPU
		{4B6F8B7E-1E2A-4D8E-8E5B-7C6D9A1F2E3C}.Debug|x86.Build.0 = Debug|Any CPU
		{4B6F8B7E-1E2A-4D8E-8E5B-7C6D9A1F2E3C}.Release|Any CPU.ActiveCfg = Release|Any CPU
		{4B6F8B7E-1E2A-4D8E-8E5B-7C6D9A1F2E3C}.Release|Any CPU.Build.0 = Release|Any CPU
		{4B6F8B7E-1E2A-4D8E-8E5B-7C6D9A1F2E3C}.Release|x64.ActiveCfg = Release|Any CPU
		{4B6F8B7E-1E2A-4D8E-8E5B-7C6D9A1F2E3C}.Release|x64.Build.0 = Release|Any CPU
		{4B6F8B7E-1E2A-4D8E-8E5B-7C6D9A1F2E3C}.Release|x86.ActiveCfg = Release|Any CPU
		{4B6F8B7E-1E2A-4D8E-8E5B-7C6D9A1F2E3C}.Release|x86.Build.0 = Release|Any CPU
		{C2A55789-5F8A-4D52-9E8C-1846CF955811}.Debug|Any CPU.ActiveCfg = Debug|Any CPU
		{C2A55789-5F8A-4D52-9E8C-1846CF955811}.Debug|Any CPU.Build.0 = Debug|Any CPU
		{C2A55789-5F8A-4D52-9E8C-1846CF955811}.Debug|x64.ActiveCfg = Debug|Any CPU
		{C2A55789-5F8A-4D52-9E8C-1846CF955811}.Debug|x64.Build.0 = Debug|Any CPU
		{C2A55789-5F8A-4D52-9E8C-1846CF955811}.Debug|x86.ActiveCfg = Debug|Any CPU
		{C2A55789-5F8A-4D52-9E8C-1846CF955811}.Debug|x86.Build.0 = Debug|Any CPU
		{C2A55789-5F8A-4D52-9E8C-1846CF955811}.Release|Any CPU.ActiveCfg = Release|Any CPU
		{C2A55789-5F8A-4D52-9E8C-1846CF955811}.Release|Any CPU.Build.0 = Release|Any CPU
		{C2A55789-5F8A-4D52-9E8C-1846CF955811}.Release|x64.ActiveCfg = Release|Any CPU
		{C2A55789-5F8A-4D52-9E8C-1846CF955811}.Release|x64.Build.0 = Release|Any CPU
		{C2A55789-5F8A-4D52-9E8C-1846CF955811}.Release|x86.ActiveCfg = Release|Any CPU
		{C2A55789-5F8A-4D52-9E8C-1846CF955811}.Release|x86.Build.0 = Release|Any CPU
		{2B031D34-7069-4DBF-A0EB-A7BA15276CA8}.Debug|Any CPU.ActiveCfg = Debug|Any CPU
		{2B031D34-7069-4DBF-A0EB-A7BA15276CA8}.Debug|Any CPU.Build.0 = Debug|Any CPU
		{2B031D34-7069-4DBF-A0EB-A7BA15276CA8}.Debug|x64.ActiveCfg = Debug|Any CPU
		{2B031D34-7069-4DBF-A0EB-A7BA15276CA8}.Debug|x64.Build.0 = Debug|Any CPU
		{2B031D34-7069-4DBF-A0EB-A7BA15276CA8}.Debug|x86.ActiveCfg = Debug|Any CPU
		{2B031D34-7069-4DBF-A0EB-A7BA15276CA8}.Debug|x86.Build.0 = Debug|Any CPU
		{2B031D34-7069-4DBF-A0EB-A7BA15276CA8}.Release|Any CPU.ActiveCfg = Release|Any CPU
		{2B031D34-7069-4DBF-A0EB-A7BA15276CA8}.Release|Any CPU.Build.0 = Release|Any CPU
		{2B031D34-7069-4DBF-A0EB-A7BA15276CA8}.Release|x64.ActiveCfg = Release|Any CPU
		{2B031D34-7069-4DBF-A0EB-A7BA15276CA8}.Release|x64.Build.0 = Release|Any CPU
		{2B031D34-7069-4DBF-A0EB-A7BA15276CA8}.Release|x86.ActiveCfg = Release|Any CPU
		{2B031D34-7069-4DBF-A0EB-A7BA15276CA8}.Release|x86.Build.0 = Release|Any CPU
	EndGlobalSection
	GlobalSection(SolutionProperties) = preSolution
		HideSolutionNode = FALSE
	EndGlobalSection
	GlobalSection(NestedProjects) = preSolution
		{C2A55789-5F8A-4D52-9E8C-1846CF955811} = {4FF194F1-EA4E-52F2-7421-5CFF77B4DBB9}
		{2B031D34-7069-4DBF-A0EB-A7BA15276CA8} = {4FF194F1-EA4E-52F2-7421-5CFF77B4DBB9}
	EndGlobalSection
EndGlobal
